// !$*UTF8*$!
{
	archiveVersion = 1;
	classes = {
	};
	objectVersion = 46;
	objects = {

/* Begin PBXBuildFile section */
		7F00E2F71D08859A00B875E8 /* UIColor+eSports.swift in Sources */ = {isa = PBXBuildFile; fileRef = 7F00E2F61D08859A00B875E8 /* UIColor+eSports.swift */; };
		7F00E2F91D0885D700B875E8 /* UIImage+Color.swift in Sources */ = {isa = PBXBuildFile; fileRef = 7F00E2F81D0885D700B875E8 /* UIImage+Color.swift */; };
		7F545C281D0E402C0001260B /* Game.swift in Sources */ = {isa = PBXBuildFile; fileRef = 7F545C271D0E402C0001260B /* Game.swift */; };
		7F9780091D146FAF0025B9FE /* ParticipantACell.swift in Sources */ = {isa = PBXBuildFile; fileRef = 7F9780081D146FAF0025B9FE /* ParticipantACell.swift */; };
		7F97800B1D147DCE0025B9FE /* ParticipantBCell.swift in Sources */ = {isa = PBXBuildFile; fileRef = 7F97800A1D147DCE0025B9FE /* ParticipantBCell.swift */; };
		7FA1C5841D0F1E0F00CBA914 /* GamesViewController.swift in Sources */ = {isa = PBXBuildFile; fileRef = 7FA1C5831D0F1E0F00CBA914 /* GamesViewController.swift */; };
		7FA1C5861D0F1FBD00CBA914 /* Participant.swift in Sources */ = {isa = PBXBuildFile; fileRef = 7FA1C5851D0F1FBD00CBA914 /* Participant.swift */; };
		7FA1C5881D0F256D00CBA914 /* MatchViewController.swift in Sources */ = {isa = PBXBuildFile; fileRef = 7FA1C5871D0F256D00CBA914 /* MatchViewController.swift */; };
		7FA1C58A1D0F3C4000CBA914 /* RegionCell.swift in Sources */ = {isa = PBXBuildFile; fileRef = 7FA1C5891D0F3C4000CBA914 /* RegionCell.swift */; };
		7FD88E251D119FA3009F6FD2 /* TournamentsViewController.swift in Sources */ = {isa = PBXBuildFile; fileRef = 7FD88E241D119FA3009F6FD2 /* TournamentsViewController.swift */; };
		7FD88E271D11A35F009F6FD2 /* TournamentCell.swift in Sources */ = {isa = PBXBuildFile; fileRef = 7FD88E261D11A35F009F6FD2 /* TournamentCell.swift */; };
		9A0975B81D05EE1A000C78F5 /* AppDelegate.swift in Sources */ = {isa = PBXBuildFile; fileRef = 9A0975B71D05EE1A000C78F5 /* AppDelegate.swift */; };
		9A0975BD1D05EE1A000C78F5 /* Main.storyboard in Resources */ = {isa = PBXBuildFile; fileRef = 9A0975BB1D05EE1A000C78F5 /* Main.storyboard */; };
		9A0975BF1D05EE1B000C78F5 /* Assets.xcassets in Resources */ = {isa = PBXBuildFile; fileRef = 9A0975BE1D05EE1B000C78F5 /* Assets.xcassets */; };
		9A0975CA1D05EE1B000C78F5 /* eSportsTests.swift in Sources */ = {isa = PBXBuildFile; fileRef = 9A0975C91D05EE1B000C78F5 /* eSportsTests.swift */; };
		9A221BB51D14990900E6CE3F /* GameResultCell.swift in Sources */ = {isa = PBXBuildFile; fileRef = 9A221BB41D14990900E6CE3F /* GameResultCell.swift */; };
		9A221BB71D184B8200E6CE3F /* ufonts.com_impact.ttf in Resources */ = {isa = PBXBuildFile; fileRef = 9A221BB61D184B1400E6CE3F /* ufonts.com_impact.ttf */; };
		9A3378301D09E29D00C21D79 /* Decodable.swift in Sources */ = {isa = PBXBuildFile; fileRef = 9A33782F1D09E29D00C21D79 /* Decodable.swift */; };
		9A3378321D09EAC400C21D79 /* Tournament.swift in Sources */ = {isa = PBXBuildFile; fileRef = 9A3378311D09EAC400C21D79 /* Tournament.swift */; };
		9A3378341D09EAEC00C21D79 /* Match.swift in Sources */ = {isa = PBXBuildFile; fileRef = 9A3378331D09EAEC00C21D79 /* Match.swift */; };
		9A3378381D09EED100C21D79 /* JSON+Decodable.swift in Sources */ = {isa = PBXBuildFile; fileRef = 9A3378371D09EED100C21D79 /* JSON+Decodable.swift */; };
		9A33783A1D0B27DC00C21D79 /* RegionViewController.swift in Sources */ = {isa = PBXBuildFile; fileRef = 9A3378391D0B27DC00C21D79 /* RegionViewController.swift */; };
		9A69C4331D13193C009B6206 /* NSDate+Components.swift in Sources */ = {isa = PBXBuildFile; fileRef = 9A69C4321D13193C009B6206 /* NSDate+Components.swift */; };
		9A69C4351D132248009B6206 /* ReverseTrapeziumView.swift in Sources */ = {isa = PBXBuildFile; fileRef = 9A69C4341D132248009B6206 /* ReverseTrapeziumView.swift */; };
		9A69C4371D1324AB009B6206 /* WeekDayCell.swift in Sources */ = {isa = PBXBuildFile; fileRef = 9A69C4361D1324AB009B6206 /* WeekDayCell.swift */; };
		9A69C4391D132622009B6206 /* MatchCell.swift in Sources */ = {isa = PBXBuildFile; fileRef = 9A69C4381D132622009B6206 /* MatchCell.swift */; };
		9A7263721D09DF410011DE8E /* BorderedView.swift in Sources */ = {isa = PBXBuildFile; fileRef = 9A7263711D09DF410011DE8E /* BorderedView.swift */; };
		9A9748BA1D107C36002972BD /* TrapeziumView.swift in Sources */ = {isa = PBXBuildFile; fileRef = 9A9748B91D107C36002972BD /* TrapeziumView.swift */; };
		9A9748BC1D1087EB002972BD /* Region.swift in Sources */ = {isa = PBXBuildFile; fileRef = 9A9748BB1D1087EB002972BD /* Region.swift */; };
		9AA18E621D09D4FE001C87AA /* ToornamentController.swift in Sources */ = {isa = PBXBuildFile; fileRef = 9AA18E611D09D4FE001C87AA /* ToornamentController.swift */; };
		9ACAC6F71D07404F00D160F8 /* MenuGamesViewController.swift in Sources */ = {isa = PBXBuildFile; fileRef = 9ACAC6F61D07404F00D160F8 /* MenuGamesViewController.swift */; };
		9ACAC6FB1D07430000D160F8 /* GamesCollectionViewCell.swift in Sources */ = {isa = PBXBuildFile; fileRef = 9ACAC6FA1D07430000D160F8 /* GamesCollectionViewCell.swift */; };
		9ACAC6FD1D0754F100D160F8 /* Discipline.swift in Sources */ = {isa = PBXBuildFile; fileRef = 9ACAC6FC1D0754F100D160F8 /* Discipline.swift */; };
		B3F8549476DE6C77F0B5D9A6 /* Pods_eSports.framework in Frameworks */ = {isa = PBXBuildFile; fileRef = 42C6798CF8AD5CA26098DEE7 /* Pods_eSports.framework */; };
/* End PBXBuildFile section */

/* Begin PBXContainerItemProxy section */
		9A0975C61D05EE1B000C78F5 /* PBXContainerItemProxy */ = {
			isa = PBXContainerItemProxy;
			containerPortal = 9A0975AC1D05EE1A000C78F5 /* Project object */;
			proxyType = 1;
			remoteGlobalIDString = 9A0975B31D05EE1A000C78F5;
			remoteInfo = eSports;
		};
/* End PBXContainerItemProxy section */

/* Begin PBXFileReference section */
		42C6798CF8AD5CA26098DEE7 /* Pods_eSports.framework */ = {isa = PBXFileReference; explicitFileType = wrapper.framework; includeInIndex = 0; path = Pods_eSports.framework; sourceTree = BUILT_PRODUCTS_DIR; };
		75E3823781F07CC9C418482A /* Pods-eSports.release.xcconfig */ = {isa = PBXFileReference; includeInIndex = 1; lastKnownFileType = text.xcconfig; name = "Pods-eSports.release.xcconfig"; path = "Pods/Target Support Files/Pods-eSports/Pods-eSports.release.xcconfig"; sourceTree = "<group>"; };
		7F00E2F61D08859A00B875E8 /* UIColor+eSports.swift */ = {isa = PBXFileReference; fileEncoding = 4; lastKnownFileType = sourcecode.swift; path = "UIColor+eSports.swift"; sourceTree = "<group>"; };
		7F00E2F81D0885D700B875E8 /* UIImage+Color.swift */ = {isa = PBXFileReference; fileEncoding = 4; lastKnownFileType = sourcecode.swift; path = "UIImage+Color.swift"; sourceTree = "<group>"; };
		7F545C271D0E402C0001260B /* Game.swift */ = {isa = PBXFileReference; fileEncoding = 4; lastKnownFileType = sourcecode.swift; path = Game.swift; sourceTree = "<group>"; };
		7F9780081D146FAF0025B9FE /* ParticipantACell.swift */ = {isa = PBXFileReference; fileEncoding = 4; lastKnownFileType = sourcecode.swift; path = ParticipantACell.swift; sourceTree = "<group>"; };
		7F97800A1D147DCE0025B9FE /* ParticipantBCell.swift */ = {isa = PBXFileReference; fileEncoding = 4; lastKnownFileType = sourcecode.swift; path = ParticipantBCell.swift; sourceTree = "<group>"; };
		7FA1C5831D0F1E0F00CBA914 /* GamesViewController.swift */ = {isa = PBXFileReference; fileEncoding = 4; lastKnownFileType = sourcecode.swift; path = GamesViewController.swift; sourceTree = "<group>"; };
		7FA1C5851D0F1FBD00CBA914 /* Participant.swift */ = {isa = PBXFileReference; fileEncoding = 4; lastKnownFileType = sourcecode.swift; path = Participant.swift; sourceTree = "<group>"; };
		7FA1C5871D0F256D00CBA914 /* MatchViewController.swift */ = {isa = PBXFileReference; fileEncoding = 4; lastKnownFileType = sourcecode.swift; path = MatchViewController.swift; sourceTree = "<group>"; };
		7FA1C5891D0F3C4000CBA914 /* RegionCell.swift */ = {isa = PBXFileReference; fileEncoding = 4; lastKnownFileType = sourcecode.swift; path = RegionCell.swift; sourceTree = "<group>"; };
		7FD88E241D119FA3009F6FD2 /* TournamentsViewController.swift */ = {isa = PBXFileReference; fileEncoding = 4; lastKnownFileType = sourcecode.swift; path = TournamentsViewController.swift; sourceTree = "<group>"; };
		7FD88E261D11A35F009F6FD2 /* TournamentCell.swift */ = {isa = PBXFileReference; fileEncoding = 4; lastKnownFileType = sourcecode.swift; path = TournamentCell.swift; sourceTree = "<group>"; };
		9A0975B41D05EE1A000C78F5 /* eSports.app */ = {isa = PBXFileReference; explicitFileType = wrapper.application; includeInIndex = 0; path = eSports.app; sourceTree = BUILT_PRODUCTS_DIR; };
		9A0975B71D05EE1A000C78F5 /* AppDelegate.swift */ = {isa = PBXFileReference; lastKnownFileType = sourcecode.swift; path = AppDelegate.swift; sourceTree = "<group>"; };
		9A0975BC1D05EE1A000C78F5 /* Base */ = {isa = PBXFileReference; lastKnownFileType = file.storyboard; name = Base; path = Base.lproj/Main.storyboard; sourceTree = "<group>"; };
		9A0975BE1D05EE1B000C78F5 /* Assets.xcassets */ = {isa = PBXFileReference; lastKnownFileType = folder.assetcatalog; path = Assets.xcassets; sourceTree = "<group>"; };
		9A0975C01D05EE1B000C78F5 /* Info.plist */ = {isa = PBXFileReference; lastKnownFileType = text.plist.xml; path = Info.plist; sourceTree = "<group>"; };
		9A0975C51D05EE1B000C78F5 /* eSportsTests.xctest */ = {isa = PBXFileReference; explicitFileType = wrapper.cfbundle; includeInIndex = 0; path = eSportsTests.xctest; sourceTree = BUILT_PRODUCTS_DIR; };
		9A0975C91D05EE1B000C78F5 /* eSportsTests.swift */ = {isa = PBXFileReference; lastKnownFileType = sourcecode.swift; path = eSportsTests.swift; sourceTree = "<group>"; };
		9A0975CB1D05EE1B000C78F5 /* Info.plist */ = {isa = PBXFileReference; lastKnownFileType = text.plist.xml; path = Info.plist; sourceTree = "<group>"; };
		9A221BB41D14990900E6CE3F /* GameResultCell.swift */ = {isa = PBXFileReference; fileEncoding = 4; lastKnownFileType = sourcecode.swift; path = GameResultCell.swift; sourceTree = "<group>"; };
		9A221BB61D184B1400E6CE3F /* ufonts.com_impact.ttf */ = {isa = PBXFileReference; lastKnownFileType = file; path = ufonts.com_impact.ttf; sourceTree = "<group>"; };
		9A33782F1D09E29D00C21D79 /* Decodable.swift */ = {isa = PBXFileReference; fileEncoding = 4; lastKnownFileType = sourcecode.swift; path = Decodable.swift; sourceTree = "<group>"; };
		9A3378311D09EAC400C21D79 /* Tournament.swift */ = {isa = PBXFileReference; fileEncoding = 4; lastKnownFileType = sourcecode.swift; path = Tournament.swift; sourceTree = "<group>"; };
		9A3378331D09EAEC00C21D79 /* Match.swift */ = {isa = PBXFileReference; fileEncoding = 4; lastKnownFileType = sourcecode.swift; path = Match.swift; sourceTree = "<group>"; };
		9A3378371D09EED100C21D79 /* JSON+Decodable.swift */ = {isa = PBXFileReference; fileEncoding = 4; lastKnownFileType = sourcecode.swift; path = "JSON+Decodable.swift"; sourceTree = "<group>"; };
		9A3378391D0B27DC00C21D79 /* RegionViewController.swift */ = {isa = PBXFileReference; fileEncoding = 4; lastKnownFileType = sourcecode.swift; path = RegionViewController.swift; sourceTree = "<group>"; };
		9A69C4321D13193C009B6206 /* NSDate+Components.swift */ = {isa = PBXFileReference; fileEncoding = 4; lastKnownFileType = sourcecode.swift; path = "NSDate+Components.swift"; sourceTree = "<group>"; };
		9A69C4341D132248009B6206 /* ReverseTrapeziumView.swift */ = {isa = PBXFileReference; fileEncoding = 4; lastKnownFileType = sourcecode.swift; path = ReverseTrapeziumView.swift; sourceTree = "<group>"; };
		9A69C4361D1324AB009B6206 /* WeekDayCell.swift */ = {isa = PBXFileReference; fileEncoding = 4; lastKnownFileType = sourcecode.swift; path = WeekDayCell.swift; sourceTree = "<group>"; };
		9A69C4381D132622009B6206 /* MatchCell.swift */ = {isa = PBXFileReference; fileEncoding = 4; lastKnownFileType = sourcecode.swift; path = MatchCell.swift; sourceTree = "<group>"; };
		9A7263711D09DF410011DE8E /* BorderedView.swift */ = {isa = PBXFileReference; fileEncoding = 4; lastKnownFileType = sourcecode.swift; path = BorderedView.swift; sourceTree = "<group>"; };
		9A9748B91D107C36002972BD /* TrapeziumView.swift */ = {isa = PBXFileReference; fileEncoding = 4; lastKnownFileType = sourcecode.swift; path = TrapeziumView.swift; sourceTree = "<group>"; };
		9A9748BB1D1087EB002972BD /* Region.swift */ = {isa = PBXFileReference; fileEncoding = 4; lastKnownFileType = sourcecode.swift; path = Region.swift; sourceTree = "<group>"; };
		9AA18E611D09D4FE001C87AA /* ToornamentController.swift */ = {isa = PBXFileReference; fileEncoding = 4; lastKnownFileType = sourcecode.swift; path = ToornamentController.swift; sourceTree = "<group>"; };
		9ACAC6F61D07404F00D160F8 /* MenuGamesViewController.swift */ = {isa = PBXFileReference; fileEncoding = 4; lastKnownFileType = sourcecode.swift; path = MenuGamesViewController.swift; sourceTree = "<group>"; };
		9ACAC6FA1D07430000D160F8 /* GamesCollectionViewCell.swift */ = {isa = PBXFileReference; fileEncoding = 4; lastKnownFileType = sourcecode.swift; path = GamesCollectionViewCell.swift; sourceTree = "<group>"; };
		9ACAC6FC1D0754F100D160F8 /* Discipline.swift */ = {isa = PBXFileReference; fileEncoding = 4; lastKnownFileType = sourcecode.swift; path = Discipline.swift; sourceTree = "<group>"; };
		9C3C10A1BFE179B6BFCC0141 /* Pods-eSports.debug.xcconfig */ = {isa = PBXFileReference; includeInIndex = 1; lastKnownFileType = text.xcconfig; name = "Pods-eSports.debug.xcconfig"; path = "Pods/Target Support Files/Pods-eSports/Pods-eSports.debug.xcconfig"; sourceTree = "<group>"; };
/* End PBXFileReference section */

/* Begin PBXFrameworksBuildPhase section */
		9A0975B11D05EE1A000C78F5 /* Frameworks */ = {
			isa = PBXFrameworksBuildPhase;
			buildActionMask = 2147483647;
			files = (
				B3F8549476DE6C77F0B5D9A6 /* Pods_eSports.framework in Frameworks */,
			);
			runOnlyForDeploymentPostprocessing = 0;
		};
		9A0975C21D05EE1B000C78F5 /* Frameworks */ = {
			isa = PBXFrameworksBuildPhase;
			buildActionMask = 2147483647;
			files = (
			);
			runOnlyForDeploymentPostprocessing = 0;
		};
/* End PBXFrameworksBuildPhase section */

/* Begin PBXGroup section */
		72BB69B4308A2633D859A3AE /* Pods */ = {
			isa = PBXGroup;
			children = (
				9C3C10A1BFE179B6BFCC0141 /* Pods-eSports.debug.xcconfig */,
				75E3823781F07CC9C418482A /* Pods-eSports.release.xcconfig */,
			);
			name = Pods;
			sourceTree = "<group>";
		};
		9A0975AB1D05EE1A000C78F5 = {
			isa = PBXGroup;
			children = (
				9A0975B61D05EE1A000C78F5 /* eSports */,
				9A0975C81D05EE1B000C78F5 /* eSportsTests */,
				9A0975B51D05EE1A000C78F5 /* Products */,
				72BB69B4308A2633D859A3AE /* Pods */,
				E7AA85EC982C95B9BA77CFCA /* Frameworks */,
			);
			sourceTree = "<group>";
		};
		9A0975B51D05EE1A000C78F5 /* Products */ = {
			isa = PBXGroup;
			children = (
				9A0975B41D05EE1A000C78F5 /* eSports.app */,
				9A0975C51D05EE1B000C78F5 /* eSportsTests.xctest */,
			);
			name = Products;
			sourceTree = "<group>";
		};
		9A0975B61D05EE1A000C78F5 /* eSports */ = {
			isa = PBXGroup;
			children = (
				9A3378351D09EB8F00C21D79 /* API */,
				9A4747BE1D07338700CF315D /* Controller */,
				9A4747BD1D07338100CF315D /* View */,
				9A4747BC1D07337A00CF315D /* Model */,
				9A4747BB1D07337200CF315D /* Extensions */,
				9A4747BA1D07336900CF315D /* Resources */,
				9A0975B71D05EE1A000C78F5 /* AppDelegate.swift */,
				9A33782F1D09E29D00C21D79 /* Decodable.swift */,
				9A0975BE1D05EE1B000C78F5 /* Assets.xcassets */,
				9A0975C01D05EE1B000C78F5 /* Info.plist */,
				9A221BB61D184B1400E6CE3F /* ufonts.com_impact.ttf */,
			);
			path = eSports;
			sourceTree = "<group>";
		};
		9A0975C81D05EE1B000C78F5 /* eSportsTests */ = {
			isa = PBXGroup;
			children = (
				9A0975C91D05EE1B000C78F5 /* eSportsTests.swift */,
				9A0975CB1D05EE1B000C78F5 /* Info.plist */,
			);
			path = eSportsTests;
			sourceTree = "<group>";
		};
		9A3378351D09EB8F00C21D79 /* API */ = {
			isa = PBXGroup;
			children = (
				9AA18E611D09D4FE001C87AA /* ToornamentController.swift */,
			);
			name = API;
			sourceTree = "<group>";
		};
		9A4747BA1D07336900CF315D /* Resources */ = {
			isa = PBXGroup;
			children = (
				9A0975BB1D05EE1A000C78F5 /* Main.storyboard */,
			);
			name = Resources;
			sourceTree = "<group>";
		};
		9A4747BB1D07337200CF315D /* Extensions */ = {
			isa = PBXGroup;
			children = (
				7F00E2F81D0885D700B875E8 /* UIImage+Color.swift */,
				7F00E2F61D08859A00B875E8 /* UIColor+eSports.swift */,
				9A3378371D09EED100C21D79 /* JSON+Decodable.swift */,
				9A69C4321D13193C009B6206 /* NSDate+Components.swift */,
			);
			name = Extensions;
			sourceTree = "<group>";
		};
		9A4747BC1D07337A00CF315D /* Model */ = {
			isa = PBXGroup;
			children = (
				9ACAC6FC1D0754F100D160F8 /* Discipline.swift */,
				9A3378311D09EAC400C21D79 /* Tournament.swift */,
				9A3378331D09EAEC00C21D79 /* Match.swift */,
				7F545C271D0E402C0001260B /* Game.swift */,
				7FA1C5851D0F1FBD00CBA914 /* Participant.swift */,
				9A9748BB1D1087EB002972BD /* Region.swift */,
			);
			name = Model;
			sourceTree = "<group>";
		};
		9A4747BD1D07338100CF315D /* View */ = {
			isa = PBXGroup;
			children = (
				9ACAC6FA1D07430000D160F8 /* GamesCollectionViewCell.swift */,
				9A7263711D09DF410011DE8E /* BorderedView.swift */,
				7FA1C5891D0F3C4000CBA914 /* RegionCell.swift */,
				9A9748B91D107C36002972BD /* TrapeziumView.swift */,
				7FD88E261D11A35F009F6FD2 /* TournamentCell.swift */,
				9A69C4341D132248009B6206 /* ReverseTrapeziumView.swift */,
				9A69C4361D1324AB009B6206 /* WeekDayCell.swift */,
				9A69C4381D132622009B6206 /* MatchCell.swift */,
				7F9780081D146FAF0025B9FE /* ParticipantACell.swift */,
				7F97800A1D147DCE0025B9FE /* ParticipantBCell.swift */,
				9A221BB41D14990900E6CE3F /* GameResultCell.swift */,
			);
			name = View;
			sourceTree = "<group>";
		};
		9A4747BE1D07338700CF315D /* Controller */ = {
			isa = PBXGroup;
			children = (
				9ACAC6F61D07404F00D160F8 /* MenuGamesViewController.swift */,
				9A3378391D0B27DC00C21D79 /* RegionViewController.swift */,
				7FD88E241D119FA3009F6FD2 /* TournamentsViewController.swift */,
				7FA1C5871D0F256D00CBA914 /* MatchViewController.swift */,
				7FA1C5831D0F1E0F00CBA914 /* GamesViewController.swift */,
			);
			name = Controller;
			sourceTree = "<group>";
		};
		E7AA85EC982C95B9BA77CFCA /* Frameworks */ = {
			isa = PBXGroup;
			children = (
				42C6798CF8AD5CA26098DEE7 /* Pods_eSports.framework */,
			);
			name = Frameworks;
			sourceTree = "<group>";
		};
/* End PBXGroup section */

/* Begin PBXNativeTarget section */
		9A0975B31D05EE1A000C78F5 /* eSports */ = {
			isa = PBXNativeTarget;
			buildConfigurationList = 9A0975CE1D05EE1B000C78F5 /* Build configuration list for PBXNativeTarget "eSports" */;
			buildPhases = (
				F6DAC73182A166AFC458FF03 /* [CP] Check Pods Manifest.lock */,
				9A0975B01D05EE1A000C78F5 /* Sources */,
				9A0975B11D05EE1A000C78F5 /* Frameworks */,
				9A0975B21D05EE1A000C78F5 /* Resources */,
				91B4A8D5E7B0BDD44965FF95 /* [CP] Embed Pods Frameworks */,
				491F3F07B46D21F845BDFDEB /* [CP] Copy Pods Resources */,
			);
			buildRules = (
			);
			dependencies = (
			);
			name = eSports;
			productName = eSports;
			productReference = 9A0975B41D05EE1A000C78F5 /* eSports.app */;
			productType = "com.apple.product-type.application";
		};
		9A0975C41D05EE1B000C78F5 /* eSportsTests */ = {
			isa = PBXNativeTarget;
			buildConfigurationList = 9A0975D11D05EE1B000C78F5 /* Build configuration list for PBXNativeTarget "eSportsTests" */;
			buildPhases = (
				9A0975C11D05EE1B000C78F5 /* Sources */,
				9A0975C21D05EE1B000C78F5 /* Frameworks */,
				9A0975C31D05EE1B000C78F5 /* Resources */,
			);
			buildRules = (
			);
			dependencies = (
				9A0975C71D05EE1B000C78F5 /* PBXTargetDependency */,
			);
			name = eSportsTests;
			productName = eSportsTests;
			productReference = 9A0975C51D05EE1B000C78F5 /* eSportsTests.xctest */;
			productType = "com.apple.product-type.bundle.unit-test";
		};
/* End PBXNativeTarget section */

/* Begin PBXProject section */
		9A0975AC1D05EE1A000C78F5 /* Project object */ = {
			isa = PBXProject;
			attributes = {
				LastSwiftUpdateCheck = 0730;
				LastUpgradeCheck = 0730;
				ORGANIZATIONNAME = "Alexandre Calil Marconi";
				TargetAttributes = {
					9A0975B31D05EE1A000C78F5 = {
						CreatedOnToolsVersion = 7.3.1;
					};
					9A0975C41D05EE1B000C78F5 = {
						CreatedOnToolsVersion = 7.3.1;
						TestTargetID = 9A0975B31D05EE1A000C78F5;
					};
				};
			};
			buildConfigurationList = 9A0975AF1D05EE1A000C78F5 /* Build configuration list for PBXProject "eSports" */;
			compatibilityVersion = "Xcode 3.2";
			developmentRegion = English;
			hasScannedForEncodings = 0;
			knownRegions = (
				en,
				Base,
			);
			mainGroup = 9A0975AB1D05EE1A000C78F5;
			productRefGroup = 9A0975B51D05EE1A000C78F5 /* Products */;
			projectDirPath = "";
			projectRoot = "";
			targets = (
				9A0975B31D05EE1A000C78F5 /* eSports */,
				9A0975C41D05EE1B000C78F5 /* eSportsTests */,
			);
		};
/* End PBXProject section */

/* Begin PBXResourcesBuildPhase section */
		9A0975B21D05EE1A000C78F5 /* Resources */ = {
			isa = PBXResourcesBuildPhase;
			buildActionMask = 2147483647;
			files = (
				9A221BB71D184B8200E6CE3F /* ufonts.com_impact.ttf in Resources */,
				9A0975BF1D05EE1B000C78F5 /* Assets.xcassets in Resources */,
				9A0975BD1D05EE1A000C78F5 /* Main.storyboard in Resources */,
			);
			runOnlyForDeploymentPostprocessing = 0;
		};
		9A0975C31D05EE1B000C78F5 /* Resources */ = {
			isa = PBXResourcesBuildPhase;
			buildActionMask = 2147483647;
			files = (
			);
			runOnlyForDeploymentPostprocessing = 0;
		};
/* End PBXResourcesBuildPhase section */

/* Begin PBXShellScriptBuildPhase section */
		491F3F07B46D21F845BDFDEB /* [CP] Copy Pods Resources */ = {
			isa = PBXShellScriptBuildPhase;
			buildActionMask = 2147483647;
			files = (
			);
			inputPaths = (
			);
			name = "[CP] Copy Pods Resources";
			outputPaths = (
			);
			runOnlyForDeploymentPostprocessing = 0;
			shellPath = /bin/sh;
			shellScript = "\"${SRCROOT}/Pods/Target Support Files/Pods-eSports/Pods-eSports-resources.sh\"\n";
			showEnvVarsInLog = 0;
		};
		91B4A8D5E7B0BDD44965FF95 /* [CP] Embed Pods Frameworks */ = {
			isa = PBXShellScriptBuildPhase;
			buildActionMask = 2147483647;
			files = (
			);
			inputPaths = (
			);
			name = "[CP] Embed Pods Frameworks";
			outputPaths = (
			);
			runOnlyForDeploymentPostprocessing = 0;
			shellPath = /bin/sh;
			shellScript = "\"${SRCROOT}/Pods/Target Support Files/Pods-eSports/Pods-eSports-frameworks.sh\"\n";
			showEnvVarsInLog = 0;
		};
		F6DAC73182A166AFC458FF03 /* [CP] Check Pods Manifest.lock */ = {
			isa = PBXShellScriptBuildPhase;
			buildActionMask = 2147483647;
			files = (
			);
			inputPaths = (
			);
			name = "[CP] Check Pods Manifest.lock";
			outputPaths = (
			);
			runOnlyForDeploymentPostprocessing = 0;
			shellPath = /bin/sh;
			shellScript = "diff \"${PODS_ROOT}/../Podfile.lock\" \"${PODS_ROOT}/Manifest.lock\" > /dev/null\nif [[ $? != 0 ]] ; then\n    cat << EOM\nerror: The sandbox is not in sync with the Podfile.lock. Run 'pod install' or update your CocoaPods installation.\nEOM\n    exit 1\nfi\n";
			showEnvVarsInLog = 0;
		};
/* End PBXShellScriptBuildPhase section */

/* Begin PBXSourcesBuildPhase section */
		9A0975B01D05EE1A000C78F5 /* Sources */ = {
			isa = PBXSourcesBuildPhase;
			buildActionMask = 2147483647;
			files = (
				9A3378321D09EAC400C21D79 /* Tournament.swift in Sources */,
				9A3378381D09EED100C21D79 /* JSON+Decodable.swift in Sources */,
				7FD88E251D119FA3009F6FD2 /* TournamentsViewController.swift in Sources */,
				9A7263721D09DF410011DE8E /* BorderedView.swift in Sources */,
				7FD88E271D11A35F009F6FD2 /* TournamentCell.swift in Sources */,
				9A69C4391D132622009B6206 /* MatchCell.swift in Sources */,
				9A9748BC1D1087EB002972BD /* Region.swift in Sources */,
				9A33783A1D0B27DC00C21D79 /* RegionViewController.swift in Sources */,
				9A221BB51D14990900E6CE3F /* GameResultCell.swift in Sources */,
				7FA1C5841D0F1E0F00CBA914 /* GamesViewController.swift in Sources */,
				9AA18E621D09D4FE001C87AA /* ToornamentController.swift in Sources */,
				7F00E2F91D0885D700B875E8 /* UIImage+Color.swift in Sources */,
				9ACAC6F71D07404F00D160F8 /* MenuGamesViewController.swift in Sources */,
				9A0975B81D05EE1A000C78F5 /* AppDelegate.swift in Sources */,
				7FA1C58A1D0F3C4000CBA914 /* RegionCell.swift in Sources */,
				7F97800B1D147DCE0025B9FE /* ParticipantBCell.swift in Sources */,
				7FA1C5861D0F1FBD00CBA914 /* Participant.swift in Sources */,
				7F00E2F71D08859A00B875E8 /* UIColor+eSports.swift in Sources */,
				9A3378301D09E29D00C21D79 /* Decodable.swift in Sources */,
				9A69C4331D13193C009B6206 /* NSDate+Components.swift in Sources */,
				9ACAC6FB1D07430000D160F8 /* GamesCollectionViewCell.swift in Sources */,
				9A9748BA1D107C36002972BD /* TrapeziumView.swift in Sources */,
				7F9780091D146FAF0025B9FE /* ParticipantACell.swift in Sources */,
				7FA1C5881D0F256D00CBA914 /* MatchViewController.swift in Sources */,
				9ACAC6FD1D0754F100D160F8 /* Discipline.swift in Sources */,
				9A69C4351D132248009B6206 /* ReverseTrapeziumView.swift in Sources */,
				9A3378341D09EAEC00C21D79 /* Match.swift in Sources */,
				9A69C4371D1324AB009B6206 /* WeekDayCell.swift in Sources */,
				7F545C281D0E402C0001260B /* Game.swift in Sources */,
			);
			runOnlyForDeploymentPostprocessing = 0;
		};
		9A0975C11D05EE1B000C78F5 /* Sources */ = {
			isa = PBXSourcesBuildPhase;
			buildActionMask = 2147483647;
			files = (
				9A0975CA1D05EE1B000C78F5 /* eSportsTests.swift in Sources */,
			);
			runOnlyForDeploymentPostprocessing = 0;
		};
/* End PBXSourcesBuildPhase section */

/* Begin PBXTargetDependency section */
		9A0975C71D05EE1B000C78F5 /* PBXTargetDependency */ = {
			isa = PBXTargetDependency;
			target = 9A0975B31D05EE1A000C78F5 /* eSports */;
			targetProxy = 9A0975C61D05EE1B000C78F5 /* PBXContainerItemProxy */;
		};
/* End PBXTargetDependency section */

/* Begin PBXVariantGroup section */
		9A0975BB1D05EE1A000C78F5 /* Main.storyboard */ = {
			isa = PBXVariantGroup;
			children = (
				9A0975BC1D05EE1A000C78F5 /* Base */,
			);
			name = Main.storyboard;
			sourceTree = "<group>";
		};
/* End PBXVariantGroup section */

/* Begin XCBuildConfiguration section */
		9A0975CC1D05EE1B000C78F5 /* Debug */ = {
			isa = XCBuildConfiguration;
			buildSettings = {
				ALWAYS_SEARCH_USER_PATHS = NO;
				CLANG_ANALYZER_NONNULL = YES;
				CLANG_CXX_LANGUAGE_STANDARD = "gnu++0x";
				CLANG_CXX_LIBRARY = "libc++";
				CLANG_ENABLE_MODULES = YES;
				CLANG_ENABLE_OBJC_ARC = YES;
				CLANG_WARN_BOOL_CONVERSION = YES;
				CLANG_WARN_CONSTANT_CONVERSION = YES;
				CLANG_WARN_DIRECT_OBJC_ISA_USAGE = YES_ERROR;
				CLANG_WARN_EMPTY_BODY = YES;
				CLANG_WARN_ENUM_CONVERSION = YES;
				CLANG_WARN_INT_CONVERSION = YES;
				CLANG_WARN_OBJC_ROOT_CLASS = YES_ERROR;
				CLANG_WARN_UNREACHABLE_CODE = YES;
				CLANG_WARN__DUPLICATE_METHOD_MATCH = YES;
				COPY_PHASE_STRIP = NO;
				DEBUG_INFORMATION_FORMAT = dwarf;
				ENABLE_STRICT_OBJC_MSGSEND = YES;
				ENABLE_TESTABILITY = YES;
				GCC_C_LANGUAGE_STANDARD = gnu99;
				GCC_DYNAMIC_NO_PIC = NO;
				GCC_NO_COMMON_BLOCKS = YES;
				GCC_OPTIMIZATION_LEVEL = 0;
				GCC_PREPROCESSOR_DEFINITIONS = (
					"DEBUG=1",
					"$(inherited)",
				);
				GCC_WARN_64_TO_32_BIT_CONVERSION = YES;
				GCC_WARN_ABOUT_RETURN_TYPE = YES_ERROR;
				GCC_WARN_UNDECLARED_SELECTOR = YES;
				GCC_WARN_UNINITIALIZED_AUTOS = YES_AGGRESSIVE;
				GCC_WARN_UNUSED_FUNCTION = YES;
				GCC_WARN_UNUSED_VARIABLE = YES;
				MTL_ENABLE_DEBUG_INFO = YES;
				ONLY_ACTIVE_ARCH = YES;
				SDKROOT = appletvos;
				SWIFT_OPTIMIZATION_LEVEL = "-Onone";
				TARGETED_DEVICE_FAMILY = 3;
				TVOS_DEPLOYMENT_TARGET = 9.2;
			};
			name = Debug;
		};
		9A0975CD1D05EE1B000C78F5 /* Release */ = {
			isa = XCBuildConfiguration;
			buildSettings = {
				ALWAYS_SEARCH_USER_PATHS = NO;
				CLANG_ANALYZER_NONNULL = YES;
				CLANG_CXX_LANGUAGE_STANDARD = "gnu++0x";
				CLANG_CXX_LIBRARY = "libc++";
				CLANG_ENABLE_MODULES = YES;
				CLANG_ENABLE_OBJC_ARC = YES;
				CLANG_WARN_BOOL_CONVERSION = YES;
				CLANG_WARN_CONSTANT_CONVERSION = YES;
				CLANG_WARN_DIRECT_OBJC_ISA_USAGE = YES_ERROR;
				CLANG_WARN_EMPTY_BODY = YES;
				CLANG_WARN_ENUM_CONVERSION = YES;
				CLANG_WARN_INT_CONVERSION = YES;
				CLANG_WARN_OBJC_ROOT_CLASS = YES_ERROR;
				CLANG_WARN_UNREACHABLE_CODE = YES;
				CLANG_WARN__DUPLICATE_METHOD_MATCH = YES;
				COPY_PHASE_STRIP = NO;
				DEBUG_INFORMATION_FORMAT = "dwarf-with-dsym";
				ENABLE_NS_ASSERTIONS = NO;
				ENABLE_STRICT_OBJC_MSGSEND = YES;
				GCC_C_LANGUAGE_STANDARD = gnu99;
				GCC_NO_COMMON_BLOCKS = YES;
				GCC_WARN_64_TO_32_BIT_CONVERSION = YES;
				GCC_WARN_ABOUT_RETURN_TYPE = YES_ERROR;
				GCC_WARN_UNDECLARED_SELECTOR = YES;
				GCC_WARN_UNINITIALIZED_AUTOS = YES_AGGRESSIVE;
				GCC_WARN_UNUSED_FUNCTION = YES;
				GCC_WARN_UNUSED_VARIABLE = YES;
				MTL_ENABLE_DEBUG_INFO = NO;
				SDKROOT = appletvos;
				TARGETED_DEVICE_FAMILY = 3;
				TVOS_DEPLOYMENT_TARGET = 9.2;
				VALIDATE_PRODUCT = YES;
			};
			name = Release;
		};
		9A0975CF1D05EE1B000C78F5 /* Debug */ = {
			isa = XCBuildConfiguration;
			baseConfigurationReference = 9C3C10A1BFE179B6BFCC0141 /* Pods-eSports.debug.xcconfig */;
			buildSettings = {
				ASSETCATALOG_COMPILER_APPICON_NAME = "App Icon & Top Shelf Image";
				ASSETCATALOG_COMPILER_LAUNCHIMAGE_NAME = LaunchImage;
				INFOPLIST_FILE = eSports/Info.plist;
				LD_RUNPATH_SEARCH_PATHS = "$(inherited) @executable_path/Frameworks";
				PRODUCT_BUNDLE_IDENTIFIER = com.alexandre.eSports;
				PRODUCT_NAME = "$(TARGET_NAME)";
			};
			name = Debug;
		};
		9A0975D01D05EE1B000C78F5 /* Release */ = {
			isa = XCBuildConfiguration;
			baseConfigurationReference = 75E3823781F07CC9C418482A /* Pods-eSports.release.xcconfig */;
			buildSettings = {
				ASSETCATALOG_COMPILER_APPICON_NAME = "App Icon & Top Shelf Image";
				ASSETCATALOG_COMPILER_LAUNCHIMAGE_NAME = LaunchImage;
				INFOPLIST_FILE = eSports/Info.plist;
				LD_RUNPATH_SEARCH_PATHS = "$(inherited) @executable_path/Frameworks";
				PRODUCT_BUNDLE_IDENTIFIER = com.alexandre.eSports;
				PRODUCT_NAME = "$(TARGET_NAME)";
			};
			name = Release;
		};
		9A0975D21D05EE1B000C78F5 /* Debug */ = {
			isa = XCBuildConfiguration;
			buildSettings = {
				BUNDLE_LOADER = "$(TEST_HOST)";
				INFOPLIST_FILE = eSportsTests/Info.plist;
				LD_RUNPATH_SEARCH_PATHS = "$(inherited) @executable_path/Frameworks @loader_path/Frameworks";
				PRODUCT_BUNDLE_IDENTIFIER = com.alexandre.eSportsTests;
				PRODUCT_NAME = "$(TARGET_NAME)";
				TEST_HOST = "$(BUILT_PRODUCTS_DIR)/eSports.app/eSports";
			};
			name = Debug;
		};
		9A0975D31D05EE1B000C78F5 /* Release */ = {
			isa = XCBuildConfiguration;
			buildSettings = {
				BUNDLE_LOADER = "$(TEST_HOST)";
				INFOPLIST_FILE = eSportsTests/Info.plist;
				LD_RUNPATH_SEARCH_PATHS = "$(inherited) @executable_path/Frameworks @loader_path/Frameworks";
				PRODUCT_BUNDLE_IDENTIFIER = com.alexandre.eSportsTests;
				PRODUCT_NAME = "$(TARGET_NAME)";
				TEST_HOST = "$(BUILT_PRODUCTS_DIR)/eSports.app/eSports";
			};
			name = Release;
		};
/* End XCBuildConfiguration section */

/* Begin XCConfigurationList section */
		9A0975AF1D05EE1A000C78F5 /* Build configuration list for PBXProject "eSports" */ = {
			isa = XCConfigurationList;
			buildConfigurations = (
				9A0975CC1D05EE1B000C78F5 /* Debug */,
				9A0975CD1D05EE1B000C78F5 /* Release */,
			);
			defaultConfigurationIsVisible = 0;
			defaultConfigurationName = Release;
		};
		9A0975CE1D05EE1B000C78F5 /* Build configuration list for PBXNativeTarget "eSports" */ = {
			isa = XCConfigurationList;
			buildConfigurations = (
				9A0975CF1D05EE1B000C78F5 /* Debug */,
				9A0975D01D05EE1B000C78F5 /* Release */,
			);
			defaultConfigurationIsVisible = 0;
			defaultConfigurationName = Release;
		};
		9A0975D11D05EE1B000C78F5 /* Build configuration list for PBXNativeTarget "eSportsTests" */ = {
			isa = XCConfigurationList;
			buildConfigurations = (
				9A0975D21D05EE1B000C78F5 /* Debug */,
				9A0975D31D05EE1B000C78F5 /* Release */,
			);
			defaultConfigurationIsVisible = 0;
			defaultConfigurationName = Release;
		};
/* End XCConfigurationList section */
	};
	rootObject = 9A0975AC1D05EE1A000C78F5 /* Project object */;
}
